
Microsoft Visual Studio Solution File, Format Version 12.00
# Visual Studio 15
VisualStudioVersion = 15.0.27703.2026
MinimumVisualStudioVersion = 10.0.40219.1
Project("{FAE04EC0-301F-11D3-BF4B-00C04F79EFBC}") = "KaratsubaMultiplication", "KaratsubaMultiplication\KaratsubaMultiplication.csproj", "{99D99A25-238A-48BA-BDD9-0E0F5DF0CE9E}"
EndProject
Global
	GlobalSection(SolutionConfigurationPlatforms) = preSolution
		Debug|Any CPU = Debug|Any CPU
		Release|Any CPU = Release|Any CPU
	EndGlobalSection
	GlobalSection(ProjectConfigurationPlatforms) = postSolution
		{99D99A25-238A-48BA-BDD9-0E0F5DF0CE9E}.Debug|Any CPU.ActiveCfg = Debug|Any CPU
		{99D99A25-238A-48BA-BDD9-0E0F5DF0CE9E}.Debug|Any CPU.Build.0 = Debug|Any CPU
		{99D99A25-238A-48BA-BDD9-0E0F5DF0CE9E}.Release|Any CPU.ActiveCfg = Release|Any CPU
		{99D99A25-238A-48BA-BDD9-0E0F5DF0CE9E}.Release|Any CPU.Build.0 = Release|Any CPU
	EndGlobalSection
	GlobalSection(SolutionProperties) = preSolution
		HideSolutionNode = FALSE
	EndGlobalSection
	GlobalSection(ExtensibilityGlobals) = postSolution
		SolutionGuid = {DC4728BA-B6EE-43D1-99F4-FF8A558E504A}
	EndGlobalSection
EndGlobal
